
Microsoft Visual Studio Solution File, Format Version 12.00
# Visual Studio Version 17
VisualStudioVersion = 17.2.32630.192
MinimumVisualStudioVersion = 10.0.40219.1
Project("{FAE04EC0-301F-11D3-BF4B-00C04F79EFBC}") = "E-CommerceWebProject.Models", "E-CommerceWebProject.Models\E-CommerceWebProject.Models.csproj", "{0EF467FB-971E-4516-B227-EA46E565A4B1}"
EndProject
Project("{FAE04EC0-301F-11D3-BF4B-00C04F79EFBC}") = "E-CommerceWebProject.DAL", "E-CommerceWebProject.DAL\E-CommerceWebProject.DAL.csproj", "{0BC4019B-2DE5-4B1A-9225-F001BECF1EB5}"
EndProject
Project("{FAE04EC0-301F-11D3-BF4B-00C04F79EFBC}") = "E-CommerceWebProject.WEB", "E-CommerceWebProject.WEB\E-CommerceWebProject.WEB.csproj", "{93AF3096-FDD8-4D4F-A7D3-E1693E1ED576}"
EndProject
Global
	GlobalSection(SolutionConfigurationPlatforms) = preSolution
		Debug|Any CPU = Debug|Any CPU
		Release|Any CPU = Release|Any CPU
	EndGlobalSection
	GlobalSection(ProjectConfigurationPlatforms) = postSolution
		{0EF467FB-971E-4516-B227-EA46E565A4B1}.Debug|Any CPU.ActiveCfg = Debug|Any CPU
		{0EF467FB-971E-4516-B227-EA46E565A4B1}.Debug|Any CPU.Build.0 = Debug|Any CPU
		{0EF467FB-971E-4516-B227-EA46E565A4B1}.Release|Any CPU.ActiveCfg = Release|Any CPU
		{0EF467FB-971E-4516-B227-EA46E565A4B1}.Release|Any CPU.Build.0 = Release|Any CPU
		{0BC4019B-2DE5-4B1A-9225-F001BECF1EB5}.Debug|Any CPU.ActiveCfg = Debug|Any CPU
		{0BC4019B-2DE5-4B1A-9225-F001BECF1EB5}.Debug|Any CPU.Build.0 = Debug|Any CPU
		{0BC4019B-2DE5-4B1A-9225-F001BECF1EB5}.Release|Any CPU.ActiveCfg = Release|Any CPU
		{0BC4019B-2DE5-4B1A-9225-F001BECF1EB5}.Release|Any CPU.Build.0 = Release|Any CPU
		{93AF3096-FDD8-4D4F-A7D3-E1693E1ED576}.Debug|Any CPU.ActiveCfg = Debug|Any CPU
		{93AF3096-FDD8-4D4F-A7D3-E1693E1ED576}.Debug|Any CPU.Build.0 = Debug|Any CPU
		{93AF3096-FDD8-4D4F-A7D3-E1693E1ED576}.Release|Any CPU.ActiveCfg = Release|Any CPU
		{93AF3096-FDD8-4D4F-A7D3-E1693E1ED576}.Release|Any CPU.Build.0 = Release|Any CPU
	EndGlobalSection
	GlobalSection(SolutionProperties) = preSolution
		HideSolutionNode = FALSE
	EndGlobalSection
	GlobalSection(ExtensibilityGlobals) = postSolution
		SolutionGuid = {0466395C-10D2-46E5-A45B-2DA8A064693E}
	EndGlobalSection
EndGlobal
